{
  "originHash" : "990602f943d142d26b1a5421abe2a243e2e1077d090e31e151c33e3ec768723e",
  "pins" : [
    {
      "identity" : "sdwebimage",
      "kind" : "remoteSourceControl",
      "location" : "https://github.com/SDWebImage/SDWebImage.git",
      "state" : {
        "revision" : "73b9397cfbd902f606572964055464903b1d84c6",
        "version" : "5.19.0"
      }
    }
  ],
  "version" : 3
}
